
Microsoft Visual Studio Solution File, Format Version 12.00
# Visual Studio Version 16
VisualStudioVersion = 16.0.28729.10
MinimumVisualStudioVersion = 10.0.40219.1
Project("{9A19103F-16F7-4668-BE54-9A1E7A4F7556}") = "Lamar.Testing", "src\Lamar.Testing\Lamar.Testing.csproj", "{865C14C3-4B54-46EC-B394-9BAD73905086}"
EndProject
Project("{9A19103F-16F7-4668-BE54-9A1E7A4F7556}") = "Lamar", "src\Lamar\Lamar.csproj", "{49A01091-63D7-427B-8B26-063DEC63EE63}"
EndProject
Project("{2150E333-8FDC-42A3-9474-1A3956D46DE8}") = "Widgets", "Widgets", "{FD91278B-4618-491E-87D6-F82CFCFFD049}"
EndProject
Project("{9A19103F-16F7-4668-BE54-9A1E7A4F7556}") = "StructureMap.Testing.Widget", "src\StructureMap.Testing.Widget\StructureMap.Testing.Widget.csproj", "{738AE0A3-4C29-4919-9534-2713254F7181}"
EndProject
Project("{9A19103F-16F7-4668-BE54-9A1E7A4F7556}") = "StructureMap.Testing.Widget2", "src\StructureMap.Testing.Widget2\StructureMap.Testing.Widget2.csproj", "{D95E0FA6-5085-414D-994C-CA8A4C9E3CCE}"
EndProject
Project("{9A19103F-16F7-4668-BE54-9A1E7A4F7556}") = "StructureMap.Testing.Widget4", "src\StructureMap.Testing.Widget4\StructureMap.Testing.Widget4.csproj", "{962BDA5B-BE5F-4867-9B6A-C5D8F0505D39}"
EndProject
Project("{9A19103F-16F7-4668-BE54-9A1E7A4F7556}") = "StructureMap.Testing.Widget3", "src\StructureMap.Testing.Widget3\StructureMap.Testing.Widget3.csproj", "{BDBA3B4D-6313-4741-BB57-53D062DF6232}"
EndProject
Project("{9A19103F-16F7-4668-BE54-9A1E7A4F7556}") = "StructureMap.Testing.Widget5", "src\StructureMap.Testing.Widget5\StructureMap.Testing.Widget5.csproj", "{4DE5B1E6-1C00-46C4-9B8E-919D90893D86}"
EndProject
Project("{9A19103F-16F7-4668-BE54-9A1E7A4F7556}") = "StructureMap.Testing.ExeWidget", "src\StructureMap.Testing.ExeWidget\StructureMap.Testing.ExeWidget.csproj", "{536AFF1A-15BF-43E0-8002-9C149388C1A5}"
EndProject
Project("{9A19103F-16F7-4668-BE54-9A1E7A4F7556}") = "StructureMap.Testing.GenericWidgets", "src\StructureMap.Testing.GenericWidgets\StructureMap.Testing.GenericWidgets.csproj", "{BFC9380C-E94F-462B-96EA-0BCF5E431AB2}"
EndProject
Project("{9A19103F-16F7-4668-BE54-9A1E7A4F7556}") = "Lamar.Microsoft.DependencyInjection", "src\Lamar.Microsoft.DependencyInjection\Lamar.Microsoft.DependencyInjection.csproj", "{D4C52DA9-2B17-4479-8541-1444C4CEA2C5}"
EndProject
Project("{9A19103F-16F7-4668-BE54-9A1E7A4F7556}") = "Lamar.AspNetCoreTests", "src\Lamar.AspNetCoreTests\Lamar.AspNetCoreTests.csproj", "{EFFC9632-2B12-4A67-AE59-B9C4698AF0CD}"
EndProject
Project("{9A19103F-16F7-4668-BE54-9A1E7A4F7556}") = "LamarCompiler", "src\LamarCompiler\LamarCompiler.csproj", "{DFAA7DCF-95A6-4E28-A0C6-8B52E04140DD}"
EndProject
Project("{9A19103F-16F7-4668-BE54-9A1E7A4F7556}") = "LamarCompiler.Testing", "src\LamarCompiler.Testing\LamarCompiler.Testing.csproj", "{CA52E6D6-B561-4D8B-B5BF-A0318CDDC55B}"
EndProject
Project("{9A19103F-16F7-4668-BE54-9A1E7A4F7556}") = "SampleWebApp", "src\SampleWebApp\SampleWebApp.csproj", "{ED93C5BB-DA3F-4E99-B83C-F512F6B802D2}"
EndProject
Project("{9A19103F-16F7-4668-BE54-9A1E7A4F7556}") = "LamarRest", "src\LamarRest\LamarRest.csproj", "{D9A0D31A-DC87-4BF1-88C1-970E28A8D3CF}"
EndProject
Project("{9A19103F-16F7-4668-BE54-9A1E7A4F7556}") = "LamarRest.Testing", "src\LamarRest.Testing\LamarRest.Testing.csproj", "{B661CC83-70FD-4345-837D-EC56C5290B95}"
EndProject
Project("{9A19103F-16F7-4668-BE54-9A1E7A4F7556}") = "UserApp", "src\UserApp\UserApp.csproj", "{5692C841-BA5A-464B-87E5-B0B6E92803F6}"
EndProject
Project("{2150E333-8FDC-42A3-9474-1A3956D46DE8}") = "Bug-124-Widgets", "Bug-124-Widgets", "{317DED50-F632-48EB-8E02-E1B6739B35E1}"
EndProject
Project("{9A19103F-16F7-4668-BE54-9A1E7A4F7556}") = "Widget.Aspect.Logger", "src\Aspect.Logger\Widget.Aspect.Logger.csproj", "{A367AE1C-B39D-438B-BADD-3B7E368DDF97}"
EndProject
Project("{9A19103F-16F7-4668-BE54-9A1E7A4F7556}") = "Widget.Instance", "Widget.Instance\Widget.Instance.csproj", "{6F721733-9012-4434-A830-2F5E9A6A926B}"
EndProject
Project("{9A19103F-16F7-4668-BE54-9A1E7A4F7556}") = "Widget.Core", "Widget.Core\Widget.Core.csproj", "{178C596D-65D9-42F9-927C-DF63F348DCA5}"
EndProject
Project("{9A19103F-16F7-4668-BE54-9A1E7A4F7556}") = "Widget.Registration", "Widget.Registration\Widget.Registration.csproj", "{39F01E1B-0549-422A-A60F-747C1CDF0C08}"
EndProject
Project("{9A19103F-16F7-4668-BE54-9A1E7A4F7556}") = "LamarCodeGeneration", "src\LamarCodeGeneration\LamarCodeGeneration.csproj", "{2030BA2A-5D44-4BDA-9EF7-7EB0BC7A1C6F}"
EndProject
Project("{9A19103F-16F7-4668-BE54-9A1E7A4F7556}") = "Lamar.Diagnostics", "src\Lamar.Diagnostics\Lamar.Diagnostics.csproj", "{5861C3EC-44F0-4FB3-8B69-3B349E4FDE22}"
EndProject
Project("{9A19103F-16F7-4668-BE54-9A1E7A4F7556}") = "LamarWithAspNetCore3", "src\LamarWithAspNetCore3\LamarWithAspNetCore3.csproj", "{A513986C-E435-495D-B056-8C7121D6F07B}"
EndProject
Project("{9A19103F-16F7-4668-BE54-9A1E7A4F7556}") = "LamarDiagnosticsWithNetCore3Demonstrator", "src\LamarDiagnosticsWithNetCore3Demonstrator\LamarDiagnosticsWithNetCore3Demonstrator.csproj", "{22B4777B-CF18-4D87-A8DB-684F59F7FC05}"
EndProject
Project("{9A19103F-16F7-4668-BE54-9A1E7A4F7556}") = "LamarCodeGeneration.Commands", "src\LamarCodeGeneration.Commands\LamarCodeGeneration.Commands.csproj", "{7AE3CFA7-64E3-4B31-811D-794AE364AF5F}"
EndProject
Project("{9A19103F-16F7-4668-BE54-9A1E7A4F7556}") = "GeneratorTarget", "src\GeneratorTarget\GeneratorTarget.csproj", "{3938B85F-95BA-42F8-B686-DC650C3501A2}"
EndProject
Project("{FAE04EC0-301F-11D3-BF4B-00C04F79EFBC}") = "Lamar.AspNetCoreTests.Integration", "src\Lamar.AspNetCoreTests.Integration\Lamar.AspNetCoreTests.Integration.csproj", "{4BA17CD6-53C4-4FFB-8739-A02972AA6A2B}"
EndProject
Project("{FAE04EC0-301F-11D3-BF4B-00C04F79EFBC}") = "LamarWithAspNetCoreMvc3", "src\LamarWithAspNetCoreMvc3\LamarWithAspNetCoreMvc3.csproj", "{5AA571C7-51E5-4479-8A52-5A6E375D4895}"
EndProject
Global
	GlobalSection(SolutionConfigurationPlatforms) = preSolution
		Debug|Any CPU = Debug|Any CPU
		Release|Any CPU = Release|Any CPU
	EndGlobalSection
	GlobalSection(ProjectConfigurationPlatforms) = postSolution
		{865C14C3-4B54-46EC-B394-9BAD73905086}.Debug|Any CPU.ActiveCfg = Debug|Any CPU
		{865C14C3-4B54-46EC-B394-9BAD73905086}.Debug|Any CPU.Build.0 = Debug|Any CPU
		{865C14C3-4B54-46EC-B394-9BAD73905086}.Release|Any CPU.ActiveCfg = Release|Any CPU
		{865C14C3-4B54-46EC-B394-9BAD73905086}.Release|Any CPU.Build.0 = Release|Any CPU
		{49A01091-63D7-427B-8B26-063DEC63EE63}.Debug|Any CPU.ActiveCfg = Debug|Any CPU
		{49A01091-63D7-427B-8B26-063DEC63EE63}.Debug|Any CPU.Build.0 = Debug|Any CPU
		{49A01091-63D7-427B-8B26-063DEC63EE63}.Release|Any CPU.ActiveCfg = Release|Any CPU
		{49A01091-63D7-427B-8B26-063DEC63EE63}.Release|Any CPU.Build.0 = Release|Any CPU
		{738AE0A3-4C29-4919-9534-2713254F7181}.Debug|Any CPU.ActiveCfg = Debug|Any CPU
		{738AE0A3-4C29-4919-9534-2713254F7181}.Debug|Any CPU.Build.0 = Debug|Any CPU
		{738AE0A3-4C29-4919-9534-2713254F7181}.Release|Any CPU.ActiveCfg = Release|Any CPU
		{738AE0A3-4C29-4919-9534-2713254F7181}.Release|Any CPU.Build.0 = Release|Any CPU
		{D95E0FA6-5085-414D-994C-CA8A4C9E3CCE}.Debug|Any CPU.ActiveCfg = Debug|Any CPU
		{D95E0FA6-5085-414D-994C-CA8A4C9E3CCE}.Debug|Any CPU.Build.0 = Debug|Any CPU
		{D95E0FA6-5085-414D-994C-CA8A4C9E3CCE}.Release|Any CPU.ActiveCfg = Release|Any CPU
		{D95E0FA6-5085-414D-994C-CA8A4C9E3CCE}.Release|Any CPU.Build.0 = Release|Any CPU
		{962BDA5B-BE5F-4867-9B6A-C5D8F0505D39}.Debug|Any CPU.ActiveCfg = Debug|Any CPU
		{962BDA5B-BE5F-4867-9B6A-C5D8F0505D39}.Debug|Any CPU.Build.0 = Debug|Any CPU
		{962BDA5B-BE5F-4867-9B6A-C5D8F0505D39}.Release|Any CPU.ActiveCfg = Release|Any CPU
		{962BDA5B-BE5F-4867-9B6A-C5D8F0505D39}.Release|Any CPU.Build.0 = Release|Any CPU
		{BDBA3B4D-6313-4741-BB57-53D062DF6232}.Debug|Any CPU.ActiveCfg = Debug|Any CPU
		{BDBA3B4D-6313-4741-BB57-53D062DF6232}.Debug|Any CPU.Build.0 = Debug|Any CPU
		{BDBA3B4D-6313-4741-BB57-53D062DF6232}.Release|Any CPU.ActiveCfg = Release|Any CPU
		{BDBA3B4D-6313-4741-BB57-53D062DF6232}.Release|Any CPU.Build.0 = Release|Any CPU
		{4DE5B1E6-1C00-46C4-9B8E-919D90893D86}.Debug|Any CPU.ActiveCfg = Debug|Any CPU
		{4DE5B1E6-1C00-46C4-9B8E-919D90893D86}.Debug|Any CPU.Build.0 = Debug|Any CPU
		{4DE5B1E6-1C00-46C4-9B8E-919D90893D86}.Release|Any CPU.ActiveCfg = Release|Any CPU
		{4DE5B1E6-1C00-46C4-9B8E-919D90893D86}.Release|Any CPU.Build.0 = Release|Any CPU
		{536AFF1A-15BF-43E0-8002-9C149388C1A5}.Debug|Any CPU.ActiveCfg = Debug|Any CPU
		{536AFF1A-15BF-43E0-8002-9C149388C1A5}.Debug|Any CPU.Build.0 = Debug|Any CPU
		{536AFF1A-15BF-43E0-8002-9C149388C1A5}.Release|Any CPU.ActiveCfg = Release|Any CPU
		{536AFF1A-15BF-43E0-8002-9C149388C1A5}.Release|Any CPU.Build.0 = Release|Any CPU
		{BFC9380C-E94F-462B-96EA-0BCF5E431AB2}.Debug|Any CPU.ActiveCfg = Debug|Any CPU
		{BFC9380C-E94F-462B-96EA-0BCF5E431AB2}.Debug|Any CPU.Build.0 = Debug|Any CPU
		{BFC9380C-E94F-462B-96EA-0BCF5E431AB2}.Release|Any CPU.ActiveCfg = Release|Any CPU
		{BFC9380C-E94F-462B-96EA-0BCF5E431AB2}.Release|Any CPU.Build.0 = Release|Any CPU
		{D4C52DA9-2B17-4479-8541-1444C4CEA2C5}.Debug|Any CPU.ActiveCfg = Debug|Any CPU
		{D4C52DA9-2B17-4479-8541-1444C4CEA2C5}.Debug|Any CPU.Build.0 = Debug|Any CPU
		{D4C52DA9-2B17-4479-8541-1444C4CEA2C5}.Release|Any CPU.ActiveCfg = Release|Any CPU
		{D4C52DA9-2B17-4479-8541-1444C4CEA2C5}.Release|Any CPU.Build.0 = Release|Any CPU
		{EFFC9632-2B12-4A67-AE59-B9C4698AF0CD}.Debug|Any CPU.ActiveCfg = Debug|Any CPU
		{EFFC9632-2B12-4A67-AE59-B9C4698AF0CD}.Debug|Any CPU.Build.0 = Debug|Any CPU
		{EFFC9632-2B12-4A67-AE59-B9C4698AF0CD}.Release|Any CPU.ActiveCfg = Release|Any CPU
		{EFFC9632-2B12-4A67-AE59-B9C4698AF0CD}.Release|Any CPU.Build.0 = Release|Any CPU
		{DFAA7DCF-95A6-4E28-A0C6-8B52E04140DD}.Debug|Any CPU.ActiveCfg = Debug|Any CPU
		{DFAA7DCF-95A6-4E28-A0C6-8B52E04140DD}.Debug|Any CPU.Build.0 = Debug|Any CPU
		{DFAA7DCF-95A6-4E28-A0C6-8B52E04140DD}.Release|Any CPU.ActiveCfg = Release|Any CPU
		{DFAA7DCF-95A6-4E28-A0C6-8B52E04140DD}.Release|Any CPU.Build.0 = Release|Any CPU
		{CA52E6D6-B561-4D8B-B5BF-A0318CDDC55B}.Debug|Any CPU.ActiveCfg = Debug|Any CPU
		{CA52E6D6-B561-4D8B-B5BF-A0318CDDC55B}.Debug|Any CPU.Build.0 = Debug|Any CPU
		{CA52E6D6-B561-4D8B-B5BF-A0318CDDC55B}.Release|Any CPU.ActiveCfg = Release|Any CPU
		{CA52E6D6-B561-4D8B-B5BF-A0318CDDC55B}.Release|Any CPU.Build.0 = Release|Any CPU
		{ED93C5BB-DA3F-4E99-B83C-F512F6B802D2}.Debug|Any CPU.ActiveCfg = Debug|Any CPU
		{ED93C5BB-DA3F-4E99-B83C-F512F6B802D2}.Debug|Any CPU.Build.0 = Debug|Any CPU
		{ED93C5BB-DA3F-4E99-B83C-F512F6B802D2}.Release|Any CPU.ActiveCfg = Release|Any CPU
		{ED93C5BB-DA3F-4E99-B83C-F512F6B802D2}.Release|Any CPU.Build.0 = Release|Any CPU
		{D9A0D31A-DC87-4BF1-88C1-970E28A8D3CF}.Debug|Any CPU.ActiveCfg = Debug|Any CPU
		{D9A0D31A-DC87-4BF1-88C1-970E28A8D3CF}.Debug|Any CPU.Build.0 = Debug|Any CPU
		{D9A0D31A-DC87-4BF1-88C1-970E28A8D3CF}.Release|Any CPU.ActiveCfg = Release|Any CPU
		{D9A0D31A-DC87-4BF1-88C1-970E28A8D3CF}.Release|Any CPU.Build.0 = Release|Any CPU
		{B661CC83-70FD-4345-837D-EC56C5290B95}.Debug|Any CPU.ActiveCfg = Debug|Any CPU
		{B661CC83-70FD-4345-837D-EC56C5290B95}.Debug|Any CPU.Build.0 = Debug|Any CPU
		{B661CC83-70FD-4345-837D-EC56C5290B95}.Release|Any CPU.ActiveCfg = Release|Any CPU
		{B661CC83-70FD-4345-837D-EC56C5290B95}.Release|Any CPU.Build.0 = Release|Any CPU
		{5692C841-BA5A-464B-87E5-B0B6E92803F6}.Debug|Any CPU.ActiveCfg = Debug|Any CPU
		{5692C841-BA5A-464B-87E5-B0B6E92803F6}.Debug|Any CPU.Build.0 = Debug|Any CPU
		{5692C841-BA5A-464B-87E5-B0B6E92803F6}.Release|Any CPU.ActiveCfg = Release|Any CPU
		{5692C841-BA5A-464B-87E5-B0B6E92803F6}.Release|Any CPU.Build.0 = Release|Any CPU
		{A367AE1C-B39D-438B-BADD-3B7E368DDF97}.Debug|Any CPU.ActiveCfg = Debug|Any CPU
		{A367AE1C-B39D-438B-BADD-3B7E368DDF97}.Debug|Any CPU.Build.0 = Debug|Any CPU
		{A367AE1C-B39D-438B-BADD-3B7E368DDF97}.Release|Any CPU.ActiveCfg = Release|Any CPU
		{A367AE1C-B39D-438B-BADD-3B7E368DDF97}.Release|Any CPU.Build.0 = Release|Any CPU
		{6F721733-9012-4434-A830-2F5E9A6A926B}.Debug|Any CPU.ActiveCfg = Debug|Any CPU
		{6F721733-9012-4434-A830-2F5E9A6A926B}.Debug|Any CPU.Build.0 = Debug|Any CPU
		{6F721733-9012-4434-A830-2F5E9A6A926B}.Release|Any CPU.ActiveCfg = Release|Any CPU
		{6F721733-9012-4434-A830-2F5E9A6A926B}.Release|Any CPU.Build.0 = Release|Any CPU
		{178C596D-65D9-42F9-927C-DF63F348DCA5}.Debug|Any CPU.ActiveCfg = Debug|Any CPU
		{178C596D-65D9-42F9-927C-DF63F348DCA5}.Debug|Any CPU.Build.0 = Debug|Any CPU
		{178C596D-65D9-42F9-927C-DF63F348DCA5}.Release|Any CPU.ActiveCfg = Release|Any CPU
		{178C596D-65D9-42F9-927C-DF63F348DCA5}.Release|Any CPU.Build.0 = Release|Any CPU
		{39F01E1B-0549-422A-A60F-747C1CDF0C08}.Debug|Any CPU.ActiveCfg = Debug|Any CPU
		{39F01E1B-0549-422A-A60F-747C1CDF0C08}.Debug|Any CPU.Build.0 = Debug|Any CPU
		{39F01E1B-0549-422A-A60F-747C1CDF0C08}.Release|Any CPU.ActiveCfg = Release|Any CPU
		{39F01E1B-0549-422A-A60F-747C1CDF0C08}.Release|Any CPU.Build.0 = Release|Any CPU
		{2030BA2A-5D44-4BDA-9EF7-7EB0BC7A1C6F}.Debug|Any CPU.ActiveCfg = Debug|Any CPU
		{2030BA2A-5D44-4BDA-9EF7-7EB0BC7A1C6F}.Debug|Any CPU.Build.0 = Debug|Any CPU
		{2030BA2A-5D44-4BDA-9EF7-7EB0BC7A1C6F}.Release|Any CPU.ActiveCfg = Release|Any CPU
		{2030BA2A-5D44-4BDA-9EF7-7EB0BC7A1C6F}.Release|Any CPU.Build.0 = Release|Any CPU
		{5861C3EC-44F0-4FB3-8B69-3B349E4FDE22}.Debug|Any CPU.ActiveCfg = Debug|Any CPU
		{5861C3EC-44F0-4FB3-8B69-3B349E4FDE22}.Debug|Any CPU.Build.0 = Debug|Any CPU
		{5861C3EC-44F0-4FB3-8B69-3B349E4FDE22}.Release|Any CPU.ActiveCfg = Release|Any CPU
		{5861C3EC-44F0-4FB3-8B69-3B349E4FDE22}.Release|Any CPU.Build.0 = Release|Any CPU
		{A513986C-E435-495D-B056-8C7121D6F07B}.Debug|Any CPU.ActiveCfg = Debug|Any CPU
		{A513986C-E435-495D-B056-8C7121D6F07B}.Debug|Any CPU.Build.0 = Debug|Any CPU
		{A513986C-E435-495D-B056-8C7121D6F07B}.Release|Any CPU.ActiveCfg = Release|Any CPU
		{A513986C-E435-495D-B056-8C7121D6F07B}.Release|Any CPU.Build.0 = Release|Any CPU
		{22B4777B-CF18-4D87-A8DB-684F59F7FC05}.Debug|Any CPU.ActiveCfg = Debug|Any CPU
		{22B4777B-CF18-4D87-A8DB-684F59F7FC05}.Debug|Any CPU.Build.0 = Debug|Any CPU
		{22B4777B-CF18-4D87-A8DB-684F59F7FC05}.Release|Any CPU.ActiveCfg = Release|Any CPU
		{22B4777B-CF18-4D87-A8DB-684F59F7FC05}.Release|Any CPU.Build.0 = Release|Any CPU
		{7AE3CFA7-64E3-4B31-811D-794AE364AF5F}.Debug|Any CPU.ActiveCfg = Debug|Any CPU
		{7AE3CFA7-64E3-4B31-811D-794AE364AF5F}.Debug|Any CPU.Build.0 = Debug|Any CPU
		{7AE3CFA7-64E3-4B31-811D-794AE364AF5F}.Release|Any CPU.ActiveCfg = Release|Any CPU
		{7AE3CFA7-64E3-4B31-811D-794AE364AF5F}.Release|Any CPU.Build.0 = Release|Any CPU
		{3938B85F-95BA-42F8-B686-DC650C3501A2}.Debug|Any CPU.ActiveCfg = Debug|Any CPU
		{3938B85F-95BA-42F8-B686-DC650C3501A2}.Debug|Any CPU.Build.0 = Debug|Any CPU
		{3938B85F-95BA-42F8-B686-DC650C3501A2}.Release|Any CPU.ActiveCfg = Release|Any CPU
		{3938B85F-95BA-42F8-B686-DC650C3501A2}.Release|Any CPU.Build.0 = Release|Any CPU
		{4BA17CD6-53C4-4FFB-8739-A02972AA6A2B}.Debug|Any CPU.ActiveCfg = Debug|Any CPU
		{4BA17CD6-53C4-4FFB-8739-A02972AA6A2B}.Debug|Any CPU.Build.0 = Debug|Any CPU
		{4BA17CD6-53C4-4FFB-8739-A02972AA6A2B}.Release|Any CPU.ActiveCfg = Release|Any CPU
		{4BA17CD6-53C4-4FFB-8739-A02972AA6A2B}.Release|Any CPU.Build.0 = Release|Any CPU
		{5AA571C7-51E5-4479-8A52-5A6E375D4895}.Debug|Any CPU.ActiveCfg = Debug|Any CPU
		{5AA571C7-51E5-4479-8A52-5A6E375D4895}.Debug|Any CPU.Build.0 = Debug|Any CPU
		{5AA571C7-51E5-4479-8A52-5A6E375D4895}.Release|Any CPU.ActiveCfg = Release|Any CPU
		{5AA571C7-51E5-4479-8A52-5A6E375D4895}.Release|Any CPU.Build.0 = Release|Any CPU
	EndGlobalSection
	GlobalSection(SolutionProperties) = preSolution
		HideSolutionNode = FALSE
	EndGlobalSection
	GlobalSection(NestedProjects) = preSolution
		{738AE0A3-4C29-4919-9534-2713254F7181} = {FD91278B-4618-491E-87D6-F82CFCFFD049}
		{D95E0FA6-5085-414D-994C-CA8A4C9E3CCE} = {FD91278B-4618-491E-87D6-F82CFCFFD049}
		{962BDA5B-BE5F-4867-9B6A-C5D8F0505D39} = {FD91278B-4618-491E-87D6-F82CFCFFD049}
		{BDBA3B4D-6313-4741-BB57-53D062DF6232} = {FD91278B-4618-491E-87D6-F82CFCFFD049}
		{4DE5B1E6-1C00-46C4-9B8E-919D90893D86} = {FD91278B-4618-491E-87D6-F82CFCFFD049}
		{536AFF1A-15BF-43E0-8002-9C149388C1A5} = {FD91278B-4618-491E-87D6-F82CFCFFD049}
		{BFC9380C-E94F-462B-96EA-0BCF5E431AB2} = {FD91278B-4618-491E-87D6-F82CFCFFD049}
		{317DED50-F632-48EB-8E02-E1B6739B35E1} = {FD91278B-4618-491E-87D6-F82CFCFFD049}
		{A367AE1C-B39D-438B-BADD-3B7E368DDF97} = {317DED50-F632-48EB-8E02-E1B6739B35E1}
		{6F721733-9012-4434-A830-2F5E9A6A926B} = {317DED50-F632-48EB-8E02-E1B6739B35E1}
		{178C596D-65D9-42F9-927C-DF63F348DCA5} = {317DED50-F632-48EB-8E02-E1B6739B35E1}
		{39F01E1B-0549-422A-A60F-747C1CDF0C08} = {317DED50-F632-48EB-8E02-E1B6739B35E1}
	EndGlobalSection
	GlobalSection(ExtensibilityGlobals) = postSolution
		SolutionGuid = {91FA5377-2697-4D0A-B0EE-6FECA3D8E48C}
	EndGlobalSection
EndGlobal
